
Microsoft Visual Studio Solution File, Format Version 12.00
# Visual Studio 15
Project("{FAE04EC0-301F-11D3-BF4B-00C04F79EFBC}") = "Assembly-CSharp", "Assembly-CSharp.csproj", "{29CF0693-722E-FC95-27C8-114A905EA787}"
EndProject
Project("{FAE04EC0-301F-11D3-BF4B-00C04F79EFBC}") = "Assembly-CSharp-Editor", "Assembly-CSharp-Editor.csproj", "{987D4058-C721-57D2-E4F4-B41538C9BBD3}"
EndProject
Global
	GlobalSection(SolutionConfigurationPlatforms) = preSolution
		Debug|Any CPU = Debug|Any CPU
		Release|Any CPU = Release|Any CPU
	EndGlobalSection
	GlobalSection(ProjectConfigurationPlatforms) = postSolution
		{29CF0693-722E-FC95-27C8-114A905EA787}.Debug|Any CPU.ActiveCfg = Debug|Any CPU
		{29CF0693-722E-FC95-27C8-114A905EA787}.Debug|Any CPU.Build.0 = Debug|Any CPU
		{29CF0693-722E-FC95-27C8-114A905EA787}.Release|Any CPU.ActiveCfg = Release|Any CPU
		{29CF0693-722E-FC95-27C8-114A905EA787}.Release|Any CPU.Build.0 = Release|Any CPU
		{987D4058-C721-57D2-E4F4-B41538C9BBD3}.Debug|Any CPU.ActiveCfg = Debug|Any CPU
		{987D4058-C721-57D2-E4F4-B41538C9BBD3}.Debug|Any CPU.Build.0 = Debug|Any CPU
		{987D4058-C721-57D2-E4F4-B41538C9BBD3}.Release|Any CPU.ActiveCfg = Release|Any CPU
		{987D4058-C721-57D2-E4F4-B41538C9BBD3}.Release|Any CPU.Build.0 = Release|Any CPU
	EndGlobalSection
	GlobalSection(SolutionProperties) = preSolution
		HideSolutionNode = FALSE
	EndGlobalSection
EndGlobal
